# This file was autogenerated by Stack.
# You should not edit this file by hand.
# For more information, please see the documentation at:
#   https://docs.haskellstack.org/en/stable/lock_files

packages:
- completed:
    cabal-file:
      size: 1278
      sha256: faf344e74b85579f73de842696913ceb839377633d459eb7ee57e1c065ab4acc
    name: pdeprelude
    version: 0.1.0.0
    git: https://github.com/10Pines/pdepreludat.git
    pantry-tree:
      size: 1274
      sha256: d8222c9a64b15e654860693a4820812a62182120084bc41edf11be86e7bd11fb
    commit: 35769dc050f96992bf63281cc6be9289592d33d6
  original:
    git: https://github.com/10Pines/pdepreludat.git
    commit: 35769dc050f96992bf63281cc6be9289592d33d6
- completed:
    hackage: units-2.4.1.1@sha256:42d8b4863fae2bcb1f1ed2f144216ea741c600d409c6b72be5226c95f054937f,6291
    pantry-tree:
      size: 4664
      sha256: a8b9acbcf4eaff2edfc95b97df1a0ac5b55edda0de431c5e22d9f312b79b1925
  original:
    hackage: units-2.4.1.1@sha256:42d8b4863fae2bcb1f1ed2f144216ea741c600d409c6b72be5226c95f054937f,6291
- completed:
    hackage: units-parser-0.1.1.3@sha256:ad34e7f04771bd367dcd9b7bf5d41c8ac79f813928dc4283a1dff91736505b66,1551
    pantry-tree:
      size: 274
      sha256: 5dd541bc0cedabc752404e917def1f90d24fc66bcf6991a95f7dff31783c6ec9
  original:
    hackage: units-parser-0.1.1.3@sha256:ad34e7f04771bd367dcd9b7bf5d41c8ac79f813928dc4283a1dff91736505b66,1551
snapshots:
- completed:
    size: 499889
    url: https://raw.githubusercontent.com/commercialhaskell/stackage-snapshots/master/lts/13/26.yaml
    sha256: ecb02ee16829df8d7219e7d7fe6c310819820bf335b0b9534bce84d3ea896684
  original: lts-13.26
